// !$*UTF8*$!
{
	archiveVersion = 1;
	classes = {
	};
	objectVersion = 50;
	objects = {

/* Begin PBXBuildFile section */
		218D096B255DB4A5002C9B21 /* Engine.swift in Sources */ = {isa = PBXBuildFile; fileRef = 218D096A255DB4A5002C9B21 /* Engine.swift */; };
		2191B177255DB7320051CCDF /* Preferences.swift in Sources */ = {isa = PBXBuildFile; fileRef = 2191B176255DB7320051CCDF /* Preferences.swift */; };
		2191B17C255DBA5A0051CCDF /* ShaderLibrary.swift in Sources */ = {isa = PBXBuildFile; fileRef = 2191B17B255DBA5A0051CCDF /* ShaderLibrary.swift */; };
		2191B184255DC29C0051CCDF /* VertexDescriptorLibrary.swift in Sources */ = {isa = PBXBuildFile; fileRef = 2191B183255DC29C0051CCDF /* VertexDescriptorLibrary.swift */; };
		2191B189255DC8AB0051CCDF /* RenderPipelineDescriptorLibrary.swift in Sources */ = {isa = PBXBuildFile; fileRef = 2191B188255DC8AB0051CCDF /* RenderPipelineDescriptorLibrary.swift */; };
		2191B18E255DCD5A0051CCDF /* RenderPipelineStateLibrary.swift in Sources */ = {isa = PBXBuildFile; fileRef = 2191B18D255DCD5A0051CCDF /* RenderPipelineStateLibrary.swift */; };
		2191B194255DE0590051CCDF /* GameObject.swift in Sources */ = {isa = PBXBuildFile; fileRef = 2191B193255DE0590051CCDF /* GameObject.swift */; };
		2191B19C255DE3090051CCDF /* Renderer.swift in Sources */ = {isa = PBXBuildFile; fileRef = 2191B19B255DE3090051CCDF /* Renderer.swift */; };
		2191B1A1255DE6EF0051CCDF /* MeshLibrary.swift in Sources */ = {isa = PBXBuildFile; fileRef = 2191B1A0255DE6EF0051CCDF /* MeshLibrary.swift */; };
		2191B1A6255DEDDA0051CCDF /* Player.swift in Sources */ = {isa = PBXBuildFile; fileRef = 2191B1A5255DEDDA0051CCDF /* Player.swift */; };
		2191B1AB255DEF3D0051CCDF /* Node.swift in Sources */ = {isa = PBXBuildFile; fileRef = 2191B1AA255DEF3D0051CCDF /* Node.swift */; };
		2191B1B1255DF0290051CCDF /* Renderable.swift in Sources */ = {isa = PBXBuildFile; fileRef = 2191B1B0255DF0290051CCDF /* Renderable.swift */; };
		219BE72D255F11CF0039E5CD /* Math.swift in Sources */ = {isa = PBXBuildFile; fileRef = 219BE72C255F11CF0039E5CD /* Math.swift */; };
		2C0834B2255B4A80002A9465 /* Types.swift in Sources */ = {isa = PBXBuildFile; fileRef = 2C0834B1255B4A80002A9465 /* Types.swift */; };
		2C76DBC4253C6AF700C2618A /* AppDelegate.swift in Sources */ = {isa = PBXBuildFile; fileRef = 2C76DBC3253C6AF700C2618A /* AppDelegate.swift */; };
		2C76DBC9253C6AF700C2618A /* Game_Engine_Tutorial.xcdatamodeld in Sources */ = {isa = PBXBuildFile; fileRef = 2C76DBC7253C6AF700C2618A /* Game_Engine_Tutorial.xcdatamodeld */; };
		2C76DBCB253C6AF800C2618A /* Assets.xcassets in Resources */ = {isa = PBXBuildFile; fileRef = 2C76DBCA253C6AF800C2618A /* Assets.xcassets */; };
		2C76DBCE253C6AF800C2618A /* Main.storyboard in Resources */ = {isa = PBXBuildFile; fileRef = 2C76DBCC253C6AF800C2618A /* Main.storyboard */; };
		2C76DBDA253C6AF800C2618A /* Game_Engine_TutorialTests.swift in Sources */ = {isa = PBXBuildFile; fileRef = 2C76DBD9253C6AF800C2618A /* Game_Engine_TutorialTests.swift */; };
		2C76DBE5253C6AF800C2618A /* Game_Engine_TutorialUITests.swift in Sources */ = {isa = PBXBuildFile; fileRef = 2C76DBE4253C6AF800C2618A /* Game_Engine_TutorialUITests.swift */; };
		2C76DC07253C6EBA00C2618A /* GameView.swift in Sources */ = {isa = PBXBuildFile; fileRef = 2C76DC06253C6EBA00C2618A /* GameView.swift */; };
		2CA2EAE02541CAAB000671EF /* MyShaders.metal in Sources */ = {isa = PBXBuildFile; fileRef = 2CA2EADF2541CAAB000671EF /* MyShaders.metal */; };
/* End PBXBuildFile section */

/* Begin PBXContainerItemProxy section */
		2C76DBD6253C6AF800C2618A /* PBXContainerItemProxy */ = {
			isa = PBXContainerItemProxy;
			containerPortal = 2C76DBB8253C6AF700C2618A /* Project object */;
			proxyType = 1;
			remoteGlobalIDString = 2C76DBBF253C6AF700C2618A;
			remoteInfo = "Game Engine Tutorial";
		};
		2C76DBE1253C6AF800C2618A /* PBXContainerItemProxy */ = {
			isa = PBXContainerItemProxy;
			containerPortal = 2C76DBB8253C6AF700C2618A /* Project object */;
			proxyType = 1;
			remoteGlobalIDString = 2C76DBBF253C6AF700C2618A;
			remoteInfo = "Game Engine Tutorial";
		};
/* End PBXContainerItemProxy section */

/* Begin PBXFileReference section */
		218D096A255DB4A5002C9B21 /* Engine.swift */ = {isa = PBXFileReference; lastKnownFileType = sourcecode.swift; path = Engine.swift; sourceTree = "<group>"; };
		2191B176255DB7320051CCDF /* Preferences.swift */ = {isa = PBXFileReference; lastKnownFileType = sourcecode.swift; path = Preferences.swift; sourceTree = "<group>"; };
		2191B17B255DBA5A0051CCDF /* ShaderLibrary.swift */ = {isa = PBXFileReference; lastKnownFileType = sourcecode.swift; path = ShaderLibrary.swift; sourceTree = "<group>"; };
		2191B183255DC29C0051CCDF /* VertexDescriptorLibrary.swift */ = {isa = PBXFileReference; lastKnownFileType = sourcecode.swift; path = VertexDescriptorLibrary.swift; sourceTree = "<group>"; };
		2191B188255DC8AB0051CCDF /* RenderPipelineDescriptorLibrary.swift */ = {isa = PBXFileReference; lastKnownFileType = sourcecode.swift; path = RenderPipelineDescriptorLibrary.swift; sourceTree = "<group>"; };
		2191B18D255DCD5A0051CCDF /* RenderPipelineStateLibrary.swift */ = {isa = PBXFileReference; lastKnownFileType = sourcecode.swift; path = RenderPipelineStateLibrary.swift; sourceTree = "<group>"; };
		2191B193255DE0590051CCDF /* GameObject.swift */ = {isa = PBXFileReference; lastKnownFileType = sourcecode.swift; path = GameObject.swift; sourceTree = "<group>"; };
		2191B19B255DE3090051CCDF /* Renderer.swift */ = {isa = PBXFileReference; lastKnownFileType = sourcecode.swift; path = Renderer.swift; sourceTree = "<group>"; };
		2191B1A0255DE6EF0051CCDF /* MeshLibrary.swift */ = {isa = PBXFileReference; lastKnownFileType = sourcecode.swift; path = MeshLibrary.swift; sourceTree = "<group>"; };
		2191B1A5255DEDDA0051CCDF /* Player.swift */ = {isa = PBXFileReference; lastKnownFileType = sourcecode.swift; path = Player.swift; sourceTree = "<group>"; };
		2191B1AA255DEF3D0051CCDF /* Node.swift */ = {isa = PBXFileReference; lastKnownFileType = sourcecode.swift; path = Node.swift; sourceTree = "<group>"; };
		2191B1B0255DF0290051CCDF /* Renderable.swift */ = {isa = PBXFileReference; lastKnownFileType = sourcecode.swift; path = Renderable.swift; sourceTree = "<group>"; };
		219BE72C255F11CF0039E5CD /* Math.swift */ = {isa = PBXFileReference; lastKnownFileType = sourcecode.swift; path = Math.swift; sourceTree = "<group>"; };
		2C0834B1255B4A80002A9465 /* Types.swift */ = {isa = PBXFileReference; lastKnownFileType = sourcecode.swift; path = Types.swift; sourceTree = "<group>"; };
		2C76DBC0253C6AF700C2618A /* Game Engine Tutorial.app */ = {isa = PBXFileReference; explicitFileType = wrapper.application; includeInIndex = 0; path = "Game Engine Tutorial.app"; sourceTree = BUILT_PRODUCTS_DIR; };
		2C76DBC3253C6AF700C2618A /* AppDelegate.swift */ = {isa = PBXFileReference; lastKnownFileType = sourcecode.swift; path = AppDelegate.swift; sourceTree = "<group>"; };
		2C76DBC8253C6AF700C2618A /* Game_Engine_Tutorial.xcdatamodel */ = {isa = PBXFileReference; lastKnownFileType = wrapper.xcdatamodel; path = Game_Engine_Tutorial.xcdatamodel; sourceTree = "<group>"; };
		2C76DBCA253C6AF800C2618A /* Assets.xcassets */ = {isa = PBXFileReference; lastKnownFileType = folder.assetcatalog; path = Assets.xcassets; sourceTree = "<group>"; };
		2C76DBCD253C6AF800C2618A /* Base */ = {isa = PBXFileReference; lastKnownFileType = file.storyboard; name = Base; path = Base.lproj/Main.storyboard; sourceTree = "<group>"; };
		2C76DBCF253C6AF800C2618A /* Info.plist */ = {isa = PBXFileReference; lastKnownFileType = text.plist.xml; path = Info.plist; sourceTree = "<group>"; };
		2C76DBD0253C6AF800C2618A /* Game_Engine_Tutorial.entitlements */ = {isa = PBXFileReference; lastKnownFileType = text.plist.entitlements; path = Game_Engine_Tutorial.entitlements; sourceTree = "<group>"; };
		2C76DBD5253C6AF800C2618A /* Game Engine TutorialTests.xctest */ = {isa = PBXFileReference; explicitFileType = wrapper.cfbundle; includeInIndex = 0; path = "Game Engine TutorialTests.xctest"; sourceTree = BUILT_PRODUCTS_DIR; };
		2C76DBD9253C6AF800C2618A /* Game_Engine_TutorialTests.swift */ = {isa = PBXFileReference; lastKnownFileType = sourcecode.swift; path = Game_Engine_TutorialTests.swift; sourceTree = "<group>"; };
		2C76DBDB253C6AF800C2618A /* Info.plist */ = {isa = PBXFileReference; lastKnownFileType = text.plist.xml; path = Info.plist; sourceTree = "<group>"; };
		2C76DBE0253C6AF800C2618A /* Game Engine TutorialUITests.xctest */ = {isa = PBXFileReference; explicitFileType = wrapper.cfbundle; includeInIndex = 0; path = "Game Engine TutorialUITests.xctest"; sourceTree = BUILT_PRODUCTS_DIR; };
		2C76DBE4253C6AF800C2618A /* Game_Engine_TutorialUITests.swift */ = {isa = PBXFileReference; lastKnownFileType = sourcecode.swift; path = Game_Engine_TutorialUITests.swift; sourceTree = "<group>"; };
		2C76DBE6253C6AF800C2618A /* Info.plist */ = {isa = PBXFileReference; lastKnownFileType = text.plist.xml; path = Info.plist; sourceTree = "<group>"; };
		2C76DC06253C6EBA00C2618A /* GameView.swift */ = {isa = PBXFileReference; lastKnownFileType = sourcecode.swift; path = GameView.swift; sourceTree = "<group>"; };
		2CA2EADF2541CAAB000671EF /* MyShaders.metal */ = {isa = PBXFileReference; lastKnownFileType = sourcecode.metal; path = MyShaders.metal; sourceTree = "<group>"; };
/* End PBXFileReference section */

/* Begin PBXFrameworksBuildPhase section */
		2C76DBBD253C6AF700C2618A /* Frameworks */ = {
			isa = PBXFrameworksBuildPhase;
			buildActionMask = 2147483647;
			files = (
			);
			runOnlyForDeploymentPostprocessing = 0;
		};
		2C76DBD2253C6AF800C2618A /* Frameworks */ = {
			isa = PBXFrameworksBuildPhase;
			buildActionMask = 2147483647;
			files = (
			);
			runOnlyForDeploymentPostprocessing = 0;
		};
		2C76DBDD253C6AF800C2618A /* Frameworks */ = {
			isa = PBXFrameworksBuildPhase;
			buildActionMask = 2147483647;
			files = (
			);
			runOnlyForDeploymentPostprocessing = 0;
		};
/* End PBXFrameworksBuildPhase section */

/* Begin PBXGroup section */
		218D0963255DB20D002C9B21 /* Core */ = {
			isa = PBXGroup;
			children = (
				2C0834B1255B4A80002A9465 /* Types.swift */,
				218D096A255DB4A5002C9B21 /* Engine.swift */,
				2191B176255DB7320051CCDF /* Preferences.swift */,
			);
			path = Core;
			sourceTree = "<group>";
		};
		218D0964255DB225002C9B21 /* Libraries */ = {
			isa = PBXGroup;
			children = (
				2191B17B255DBA5A0051CCDF /* ShaderLibrary.swift */,
				2191B183255DC29C0051CCDF /* VertexDescriptorLibrary.swift */,
				2191B188255DC8AB0051CCDF /* RenderPipelineDescriptorLibrary.swift */,
				2191B18D255DCD5A0051CCDF /* RenderPipelineStateLibrary.swift */,
				2191B1A0255DE6EF0051CCDF /* MeshLibrary.swift */,
			);
			path = Libraries;
			sourceTree = "<group>";
		};
		218D0965255DB234002C9B21 /* Shaders */ = {
			isa = PBXGroup;
			children = (
				2CA2EADF2541CAAB000671EF /* MyShaders.metal */,
			);
			path = Shaders;
			sourceTree = "<group>";
		};
		218D0966255DB242002C9B21 /* Display */ = {
			isa = PBXGroup;
			children = (
				2C76DC06253C6EBA00C2618A /* GameView.swift */,
				2C76DBCC253C6AF800C2618A /* Main.storyboard */,
				2191B19B255DE3090051CCDF /* Renderer.swift */,
			);
			path = Display;
			sourceTree = "<group>";
		};
		2191B192255DE0310051CCDF /* Game Content */ = {
			isa = PBXGroup;
			children = (
				2191B1B8255DF1B80051CCDF /* GameObjects */,
				2191B1AF255DF00B0051CCDF /* Protocols */,
				2191B1AA255DEF3D0051CCDF /* Node.swift */,
			);
			path = "Game Content";
			sourceTree = "<group>";
		};
		2191B1AF255DF00B0051CCDF /* Protocols */ = {
			isa = PBXGroup;
			children = (
				2191B1B0255DF0290051CCDF /* Renderable.swift */,
			);
			path = Protocols;
			sourceTree = "<group>";
		};
		2191B1B8255DF1B80051CCDF /* GameObjects */ = {
			isa = PBXGroup;
			children = (
				2191B1A5255DEDDA0051CCDF /* Player.swift */,
				2191B193255DE0590051CCDF /* GameObject.swift */,
			);
			path = GameObjects;
			sourceTree = "<group>";
		};
		219BE72B255F11BD0039E5CD /* Maths */ = {
			isa = PBXGroup;
			children = (
				219BE72C255F11CF0039E5CD /* Math.swift */,
			);
			path = Maths;
			sourceTree = "<group>";
		};
		2C76DBB7253C6AF700C2618A = {
			isa = PBXGroup;
			children = (
				2C76DBC2253C6AF700C2618A /* Game Engine Tutorial */,
				2C76DBD8253C6AF800C2618A /* Game Engine TutorialTests */,
				2C76DBE3253C6AF800C2618A /* Game Engine TutorialUITests */,
				2C76DBC1253C6AF700C2618A /* Products */,
			);
			sourceTree = "<group>";
		};
		2C76DBC1253C6AF700C2618A /* Products */ = {
			isa = PBXGroup;
			children = (
				2C76DBC0253C6AF700C2618A /* Game Engine Tutorial.app */,
				2C76DBD5253C6AF800C2618A /* Game Engine TutorialTests.xctest */,
				2C76DBE0253C6AF800C2618A /* Game Engine TutorialUITests.xctest */,
			);
			name = Products;
			sourceTree = "<group>";
		};
		2C76DBC2253C6AF700C2618A /* Game Engine Tutorial */ = {
			isa = PBXGroup;
			children = (
				219BE72B255F11BD0039E5CD /* Maths */,
				2191B192255DE0310051CCDF /* Game Content */,
				218D0966255DB242002C9B21 /* Display */,
				218D0965255DB234002C9B21 /* Shaders */,
				218D0964255DB225002C9B21 /* Libraries */,
				218D0963255DB20D002C9B21 /* Core */,
				2C76DBF9253C6CC100C2618A /* otherFiles */,
			);
			path = "Game Engine Tutorial";
			sourceTree = "<group>";
		};
		2C76DBD8253C6AF800C2618A /* Game Engine TutorialTests */ = {
			isa = PBXGroup;
			children = (
				2C76DBD9253C6AF800C2618A /* Game_Engine_TutorialTests.swift */,
				2C76DBDB253C6AF800C2618A /* Info.plist */,
			);
			path = "Game Engine TutorialTests";
			sourceTree = "<group>";
		};
		2C76DBE3253C6AF800C2618A /* Game Engine TutorialUITests */ = {
			isa = PBXGroup;
			children = (
				2C76DBE4253C6AF800C2618A /* Game_Engine_TutorialUITests.swift */,
				2C76DBE6253C6AF800C2618A /* Info.plist */,
			);
			path = "Game Engine TutorialUITests";
			sourceTree = "<group>";
		};
		2C76DBF9253C6CC100C2618A /* otherFiles */ = {
			isa = PBXGroup;
			children = (
				2C76DBCA253C6AF800C2618A /* Assets.xcassets */,
				2C76DBC3253C6AF700C2618A /* AppDelegate.swift */,
				2C76DBCF253C6AF800C2618A /* Info.plist */,
				2C76DBD0253C6AF800C2618A /* Game_Engine_Tutorial.entitlements */,
				2C76DBC7253C6AF700C2618A /* Game_Engine_Tutorial.xcdatamodeld */,
			);
			path = otherFiles;
			sourceTree = "<group>";
		};
/* End PBXGroup section */

/* Begin PBXNativeTarget section */
		2C76DBBF253C6AF700C2618A /* Game Engine Tutorial */ = {
			isa = PBXNativeTarget;
			buildConfigurationList = 2C76DBE9253C6AF800C2618A /* Build configuration list for PBXNativeTarget "Game Engine Tutorial" */;
			buildPhases = (
				2C76DBBC253C6AF700C2618A /* Sources */,
				2C76DBBD253C6AF700C2618A /* Frameworks */,
				2C76DBBE253C6AF700C2618A /* Resources */,
			);
			buildRules = (
			);
			dependencies = (
			);
			name = "Game Engine Tutorial";
			productName = "Game Engine Tutorial";
			productReference = 2C76DBC0253C6AF700C2618A /* Game Engine Tutorial.app */;
			productType = "com.apple.product-type.application";
		};
		2C76DBD4253C6AF800C2618A /* Game Engine TutorialTests */ = {
			isa = PBXNativeTarget;
			buildConfigurationList = 2C76DBEC253C6AF800C2618A /* Build configuration list for PBXNativeTarget "Game Engine TutorialTests" */;
			buildPhases = (
				2C76DBD1253C6AF800C2618A /* Sources */,
				2C76DBD2253C6AF800C2618A /* Frameworks */,
				2C76DBD3253C6AF800C2618A /* Resources */,
			);
			buildRules = (
			);
			dependencies = (
				2C76DBD7253C6AF800C2618A /* PBXTargetDependency */,
			);
			name = "Game Engine TutorialTests";
			productName = "Game Engine TutorialTests";
			productReference = 2C76DBD5253C6AF800C2618A /* Game Engine TutorialTests.xctest */;
			productType = "com.apple.product-type.bundle.unit-test";
		};
		2C76DBDF253C6AF800C2618A /* Game Engine TutorialUITests */ = {
			isa = PBXNativeTarget;
			buildConfigurationList = 2C76DBEF253C6AF800C2618A /* Build configuration list for PBXNativeTarget "Game Engine TutorialUITests" */;
			buildPhases = (
				2C76DBDC253C6AF800C2618A /* Sources */,
				2C76DBDD253C6AF800C2618A /* Frameworks */,
				2C76DBDE253C6AF800C2618A /* Resources */,
			);
			buildRules = (
			);
			dependencies = (
				2C76DBE2253C6AF800C2618A /* PBXTargetDependency */,
			);
			name = "Game Engine TutorialUITests";
			productName = "Game Engine TutorialUITests";
			productReference = 2C76DBE0253C6AF800C2618A /* Game Engine TutorialUITests.xctest */;
			productType = "com.apple.product-type.bundle.ui-testing";
		};
/* End PBXNativeTarget section */

/* Begin PBXProject section */
		2C76DBB8253C6AF700C2618A /* Project object */ = {
			isa = PBXProject;
			attributes = {
				LastSwiftUpdateCheck = 1200;
				LastUpgradeCheck = 1210;
				TargetAttributes = {
					2C76DBBF253C6AF700C2618A = {
						CreatedOnToolsVersion = 12.0.1;
					};
					2C76DBD4253C6AF800C2618A = {
						CreatedOnToolsVersion = 12.0.1;
						TestTargetID = 2C76DBBF253C6AF700C2618A;
					};
					2C76DBDF253C6AF800C2618A = {
						CreatedOnToolsVersion = 12.0.1;
						TestTargetID = 2C76DBBF253C6AF700C2618A;
					};
				};
			};
			buildConfigurationList = 2C76DBBB253C6AF700C2618A /* Build configuration list for PBXProject "Game Engine Tutorial" */;
			compatibilityVersion = "Xcode 9.3";
			developmentRegion = en;
			hasScannedForEncodings = 0;
			knownRegions = (
				en,
				Base,
			);
			mainGroup = 2C76DBB7253C6AF700C2618A;
			productRefGroup = 2C76DBC1253C6AF700C2618A /* Products */;
			projectDirPath = "";
			projectRoot = "";
			targets = (
				2C76DBBF253C6AF700C2618A /* Game Engine Tutorial */,
				2C76DBD4253C6AF800C2618A /* Game Engine TutorialTests */,
				2C76DBDF253C6AF800C2618A /* Game Engine TutorialUITests */,
			);
		};
/* End PBXProject section */

/* Begin PBXResourcesBuildPhase section */
		2C76DBBE253C6AF700C2618A /* Resources */ = {
			isa = PBXResourcesBuildPhase;
			buildActionMask = 2147483647;
			files = (
				2C76DBCB253C6AF800C2618A /* Assets.xcassets in Resources */,
				2C76DBCE253C6AF800C2618A /* Main.storyboard in Resources */,
			);
			runOnlyForDeploymentPostprocessing = 0;
		};
		2C76DBD3253C6AF800C2618A /* Resources */ = {
			isa = PBXResourcesBuildPhase;
			buildActionMask = 2147483647;
			files = (
			);
			runOnlyForDeploymentPostprocessing = 0;
		};
		2C76DBDE253C6AF800C2618A /* Resources */ = {
			isa = PBXResourcesBuildPhase;
			buildActionMask = 2147483647;
			files = (
			);
			runOnlyForDeploymentPostprocessing = 0;
		};
/* End PBXResourcesBuildPhase section */

/* Begin PBXSourcesBuildPhase section */
		2C76DBBC253C6AF700C2618A /* Sources */ = {
			isa = PBXSourcesBuildPhase;
			buildActionMask = 2147483647;
			files = (
				2191B1B1255DF0290051CCDF /* Renderable.swift in Sources */,
				2191B189255DC8AB0051CCDF /* RenderPipelineDescriptorLibrary.swift in Sources */,
				2191B184255DC29C0051CCDF /* VertexDescriptorLibrary.swift in Sources */,
				2CA2EAE02541CAAB000671EF /* MyShaders.metal in Sources */,
				2191B177255DB7320051CCDF /* Preferences.swift in Sources */,
				2191B1A1255DE6EF0051CCDF /* MeshLibrary.swift in Sources */,
				218D096B255DB4A5002C9B21 /* Engine.swift in Sources */,
				2191B19C255DE3090051CCDF /* Renderer.swift in Sources */,
				2C76DBC9253C6AF700C2618A /* Game_Engine_Tutorial.xcdatamodeld in Sources */,
				2C0834B2255B4A80002A9465 /* Types.swift in Sources */,
				2191B17C255DBA5A0051CCDF /* ShaderLibrary.swift in Sources */,
				219BE72D255F11CF0039E5CD /* Math.swift in Sources */,
				2191B194255DE0590051CCDF /* GameObject.swift in Sources */,
				2191B1AB255DEF3D0051CCDF /* Node.swift in Sources */,
				2C76DC07253C6EBA00C2618A /* GameView.swift in Sources */,
				2C76DBC4253C6AF700C2618A /* AppDelegate.swift in Sources */,
				2191B1A6255DEDDA0051CCDF /* Player.swift in Sources */,
				2191B18E255DCD5A0051CCDF /* RenderPipelineStateLibrary.swift in Sources */,
			);
			runOnlyForDeploymentPostprocessing = 0;
		};
		2C76DBD1253C6AF800C2618A /* Sources */ = {
			isa = PBXSourcesBuildPhase;
			buildActionMask = 2147483647;
			files = (
				2C76DBDA253C6AF800C2618A /* Game_Engine_TutorialTests.swift in Sources */,
			);
			runOnlyForDeploymentPostprocessing = 0;
		};
		2C76DBDC253C6AF800C2618A /* Sources */ = {
			isa = PBXSourcesBuildPhase;
			buildActionMask = 2147483647;
			files = (
				2C76DBE5253C6AF800C2618A /* Game_Engine_TutorialUITests.swift in Sources */,
			);
			runOnlyForDeploymentPostprocessing = 0;
		};
/* End PBXSourcesBuildPhase section */

/* Begin PBXTargetDependency section */
		2C76DBD7253C6AF800C2618A /* PBXTargetDependency */ = {
			isa = PBXTargetDependency;
			target = 2C76DBBF253C6AF700C2618A /* Game Engine Tutorial */;
			targetProxy = 2C76DBD6253C6AF800C2618A /* PBXContainerItemProxy */;
		};
		2C76DBE2253C6AF800C2618A /* PBXTargetDependency */ = {
			isa = PBXTargetDependency;
			target = 2C76DBBF253C6AF700C2618A /* Game Engine Tutorial */;
			targetProxy = 2C76DBE1253C6AF800C2618A /* PBXContainerItemProxy */;
		};
/* End PBXTargetDependency section */

/* Begin PBXVariantGroup section */
		2C76DBCC253C6AF800C2618A /* Main.storyboard */ = {
			isa = PBXVariantGroup;
			children = (
				2C76DBCD253C6AF800C2618A /* Base */,
			);
			name = Main.storyboard;
			sourceTree = "<group>";
		};
/* End PBXVariantGroup section */

/* Begin XCBuildConfiguration section */
		2C76DBE7253C6AF800C2618A /* Debug */ = {
			isa = XCBuildConfiguration;
			buildSettings = {
				ALWAYS_SEARCH_USER_PATHS = NO;
				CLANG_ANALYZER_NONNULL = YES;
				CLANG_ANALYZER_NUMBER_OBJECT_CONVERSION = YES_AGGRESSIVE;
				CLANG_CXX_LANGUAGE_STANDARD = "gnu++14";
				CLANG_CXX_LIBRARY = "libc++";
				CLANG_ENABLE_MODULES = YES;
				CLANG_ENABLE_OBJC_ARC = YES;
				CLANG_ENABLE_OBJC_WEAK = YES;
				CLANG_WARN_BLOCK_CAPTURE_AUTORELEASING = YES;
				CLANG_WARN_BOOL_CONVERSION = YES;
				CLANG_WARN_COMMA = YES;
				CLANG_WARN_CONSTANT_CONVERSION = YES;
				CLANG_WARN_DEPRECATED_OBJC_IMPLEMENTATIONS = YES;
				CLANG_WARN_DIRECT_OBJC_ISA_USAGE = YES_ERROR;
				CLANG_WARN_DOCUMENTATION_COMMENTS = YES;
				CLANG_WARN_EMPTY_BODY = YES;
				CLANG_WARN_ENUM_CONVERSION = YES;
				CLANG_WARN_INFINITE_RECURSION = YES;
				CLANG_WARN_INT_CONVERSION = YES;
				CLANG_WARN_NON_LITERAL_NULL_CONVERSION = YES;
				CLANG_WARN_OBJC_IMPLICIT_RETAIN_SELF = YES;
				CLANG_WARN_OBJC_LITERAL_CONVERSION = YES;
				CLANG_WARN_OBJC_ROOT_CLASS = YES_ERROR;
				CLANG_WARN_QUOTED_INCLUDE_IN_FRAMEWORK_HEADER = YES;
				CLANG_WARN_RANGE_LOOP_ANALYSIS = YES;
				CLANG_WARN_STRICT_PROTOTYPES = YES;
				CLANG_WARN_SUSPICIOUS_MOVE = YES;
				CLANG_WARN_UNGUARDED_AVAILABILITY = YES_AGGRESSIVE;
				CLANG_WARN_UNREACHABLE_CODE = YES;
				CLANG_WARN__DUPLICATE_METHOD_MATCH = YES;
				COPY_PHASE_STRIP = NO;
				DEBUG_INFORMATION_FORMAT = dwarf;
				ENABLE_STRICT_OBJC_MSGSEND = YES;
				ENABLE_TESTABILITY = YES;
				GCC_C_LANGUAGE_STANDARD = gnu11;
				GCC_DYNAMIC_NO_PIC = NO;
				GCC_NO_COMMON_BLOCKS = YES;
				GCC_OPTIMIZATION_LEVEL = 0;
				GCC_PREPROCESSOR_DEFINITIONS = (
					"DEBUG=1",
					"$(inherited)",
				);
				GCC_WARN_64_TO_32_BIT_CONVERSION = YES;
				GCC_WARN_ABOUT_RETURN_TYPE = YES_ERROR;
				GCC_WARN_UNDECLARED_SELECTOR = YES;
				GCC_WARN_UNINITIALIZED_AUTOS = YES_AGGRESSIVE;
				GCC_WARN_UNUSED_FUNCTION = YES;
				GCC_WARN_UNUSED_VARIABLE = YES;
				MACOSX_DEPLOYMENT_TARGET = 10.15;
				MTL_ENABLE_DEBUG_INFO = INCLUDE_SOURCE;
				MTL_FAST_MATH = YES;
				ONLY_ACTIVE_ARCH = YES;
				SDKROOT = macosx;
				SWIFT_ACTIVE_COMPILATION_CONDITIONS = DEBUG;
				SWIFT_OPTIMIZATION_LEVEL = "-Onone";
			};
			name = Debug;
		};
		2C76DBE8253C6AF800C2618A /* Release */ = {
			isa = XCBuildConfiguration;
			buildSettings = {
				ALWAYS_SEARCH_USER_PATHS = NO;
				CLANG_ANALYZER_NONNULL = YES;
				CLANG_ANALYZER_NUMBER_OBJECT_CONVERSION = YES_AGGRESSIVE;
				CLANG_CXX_LANGUAGE_STANDARD = "gnu++14";
				CLANG_CXX_LIBRARY = "libc++";
				CLANG_ENABLE_MODULES = YES;
				CLANG_ENABLE_OBJC_ARC = YES;
				CLANG_ENABLE_OBJC_WEAK = YES;
				CLANG_WARN_BLOCK_CAPTURE_AUTORELEASING = YES;
				CLANG_WARN_BOOL_CONVERSION = YES;
				CLANG_WARN_COMMA = YES;
				CLANG_WARN_CONSTANT_CONVERSION = YES;
				CLANG_WARN_DEPRECATED_OBJC_IMPLEMENTATIONS = YES;
				CLANG_WARN_DIRECT_OBJC_ISA_USAGE = YES_ERROR;
				CLANG_WARN_DOCUMENTATION_COMMENTS = YES;
				CLANG_WARN_EMPTY_BODY = YES;
				CLANG_WARN_ENUM_CONVERSION = YES;
				CLANG_WARN_INFINITE_RECURSION = YES;
				CLANG_WARN_INT_CONVERSION = YES;
				CLANG_WARN_NON_LITERAL_NULL_CONVERSION = YES;
				CLANG_WARN_OBJC_IMPLICIT_RETAIN_SELF = YES;
				CLANG_WARN_OBJC_LITERAL_CONVERSION = YES;
				CLANG_WARN_OBJC_ROOT_CLASS = YES_ERROR;
				CLANG_WARN_QUOTED_INCLUDE_IN_FRAMEWORK_HEADER = YES;
				CLANG_WARN_RANGE_LOOP_ANALYSIS = YES;
				CLANG_WARN_STRICT_PROTOTYPES = YES;
				CLANG_WARN_SUSPICIOUS_MOVE = YES;
				CLANG_WARN_UNGUARDED_AVAILABILITY = YES_AGGRESSIVE;
				CLANG_WARN_UNREACHABLE_CODE = YES;
				CLANG_WARN__DUPLICATE_METHOD_MATCH = YES;
				COPY_PHASE_STRIP = NO;
				DEBUG_INFORMATION_FORMAT = "dwarf-with-dsym";
				ENABLE_NS_ASSERTIONS = NO;
				ENABLE_STRICT_OBJC_MSGSEND = YES;
				GCC_C_LANGUAGE_STANDARD = gnu11;
				GCC_NO_COMMON_BLOCKS = YES;
				GCC_WARN_64_TO_32_BIT_CONVERSION = YES;
				GCC_WARN_ABOUT_RETURN_TYPE = YES_ERROR;
				GCC_WARN_UNDECLARED_SELECTOR = YES;
				GCC_WARN_UNINITIALIZED_AUTOS = YES_AGGRESSIVE;
				GCC_WARN_UNUSED_FUNCTION = YES;
				GCC_WARN_UNUSED_VARIABLE = YES;
				MACOSX_DEPLOYMENT_TARGET = 10.15;
				MTL_ENABLE_DEBUG_INFO = NO;
				MTL_FAST_MATH = YES;
				SDKROOT = macosx;
				SWIFT_COMPILATION_MODE = wholemodule;
				SWIFT_OPTIMIZATION_LEVEL = "-O";
			};
			name = Release;
		};
		2C76DBEA253C6AF800C2618A /* Debug */ = {
			isa = XCBuildConfiguration;
			buildSettings = {
				ASSETCATALOG_COMPILER_APPICON_NAME = AppIcon;
				ASSETCATALOG_COMPILER_GLOBAL_ACCENT_COLOR_NAME = AccentColor;
				CODE_SIGN_ENTITLEMENTS = "Game Engine Tutorial/otherFiles/Game_Engine_Tutorial.entitlements";
				CODE_SIGN_IDENTITY = "-";
				CODE_SIGN_STYLE = Automatic;
				COMBINE_HIDPI_IMAGES = YES;
				DEVELOPMENT_TEAM = R2YVCZ58UE;
				ENABLE_HARDENED_RUNTIME = YES;
				INFOPLIST_FILE = "Game Engine Tutorial/otherFiles/Info.plist";
				LD_RUNPATH_SEARCH_PATHS = (
					"$(inherited)",
					"@executable_path/../Frameworks",
				);
				PRODUCT_BUNDLE_IDENTIFIER = "com.snakept.Game-Engine-Tutorial";
				PRODUCT_NAME = "$(TARGET_NAME)";
				SWIFT_VERSION = 5.0;
			};
			name = Debug;
		};
		2C76DBEB253C6AF800C2618A /* Release */ = {
			isa = XCBuildConfiguration;
			buildSettings = {
				ASSETCATALOG_COMPILER_APPICON_NAME = AppIcon;
				ASSETCATALOG_COMPILER_GLOBAL_ACCENT_COLOR_NAME = AccentColor;
				CODE_SIGN_ENTITLEMENTS = "Game Engine Tutorial/otherFiles/Game_Engine_Tutorial.entitlements";
				CODE_SIGN_IDENTITY = "-";
				CODE_SIGN_STYLE = Automatic;
				COMBINE_HIDPI_IMAGES = YES;
				DEVELOPMENT_TEAM = R2YVCZ58UE;
				ENABLE_HARDENED_RUNTIME = YES;
				INFOPLIST_FILE = "Game Engine Tutorial/otherFiles/Info.plist";
				LD_RUNPATH_SEARCH_PATHS = (
					"$(inherited)",
					"@executable_path/../Frameworks",
				);
				PRODUCT_BUNDLE_IDENTIFIER = "com.snakept.Game-Engine-Tutorial";
				PRODUCT_NAME = "$(TARGET_NAME)";
				SWIFT_VERSION = 5.0;
			};
			name = Release;
		};
		2C76DBED253C6AF800C2618A /* Debug */ = {
			isa = XCBuildConfiguration;
			buildSettings = {
				ALWAYS_EMBED_SWIFT_STANDARD_LIBRARIES = YES;
				BUNDLE_LOADER = "$(TEST_HOST)";
				CODE_SIGN_STYLE = Automatic;
				COMBINE_HIDPI_IMAGES = YES;
				DEVELOPMENT_TEAM = R2YVCZ58UE;
				INFOPLIST_FILE = "Game Engine TutorialTests/Info.plist";
				LD_RUNPATH_SEARCH_PATHS = (
					"$(inherited)",
					"@executable_path/../Frameworks",
					"@loader_path/../Frameworks",
				);
				MACOSX_DEPLOYMENT_TARGET = 10.15;
				PRODUCT_BUNDLE_IDENTIFIER = "com.snakept.Game-Engine-TutorialTests";
				PRODUCT_NAME = "$(TARGET_NAME)";
				SWIFT_VERSION = 5.0;
				TEST_HOST = "$(BUILT_PRODUCTS_DIR)/Game Engine Tutorial.app/Contents/MacOS/Game Engine Tutorial";
			};
			name = Debug;
		};
		2C76DBEE253C6AF800C2618A /* Release */ = {
			isa = XCBuildConfiguration;
			buildSettings = {
				ALWAYS_EMBED_SWIFT_STANDARD_LIBRARIES = YES;
				BUNDLE_LOADER = "$(TEST_HOST)";
				CODE_SIGN_STYLE = Automatic;
				COMBINE_HIDPI_IMAGES = YES;
				DEVELOPMENT_TEAM = R2YVCZ58UE;
				INFOPLIST_FILE = "Game Engine TutorialTests/Info.plist";
				LD_RUNPATH_SEARCH_PATHS = (
					"$(inherited)",
					"@executable_path/../Frameworks",
					"@loader_path/../Frameworks",
				);
				MACOSX_DEPLOYMENT_TARGET = 10.15;
				PRODUCT_BUNDLE_IDENTIFIER = "com.snakept.Game-Engine-TutorialTests";
				PRODUCT_NAME = "$(TARGET_NAME)";
				SWIFT_VERSION = 5.0;
				TEST_HOST = "$(BUILT_PRODUCTS_DIR)/Game Engine Tutorial.app/Contents/MacOS/Game Engine Tutorial";
			};
			name = Release;
		};
		2C76DBF0253C6AF800C2618A /* Debug */ = {
			isa = XCBuildConfiguration;
			buildSettings = {
				ALWAYS_EMBED_SWIFT_STANDARD_LIBRARIES = YES;
				CODE_SIGN_STYLE = Automatic;
				COMBINE_HIDPI_IMAGES = YES;
				DEVELOPMENT_TEAM = R2YVCZ58UE;
				INFOPLIST_FILE = "Game Engine TutorialUITests/Info.plist";
				LD_RUNPATH_SEARCH_PATHS = (
					"$(inherited)",
					"@executable_path/../Frameworks",
					"@loader_path/../Frameworks",
				);
				PRODUCT_BUNDLE_IDENTIFIER = "com.snakept.Game-Engine-TutorialUITests";
				PRODUCT_NAME = "$(TARGET_NAME)";
				SWIFT_VERSION = 5.0;
				TEST_TARGET_NAME = "Game Engine Tutorial";
			};
			name = Debug;
		};
		2C76DBF1253C6AF800C2618A /* Release */ = {
			isa = XCBuildConfiguration;
			buildSettings = {
				ALWAYS_EMBED_SWIFT_STANDARD_LIBRARIES = YES;
				CODE_SIGN_STYLE = Automatic;
				COMBINE_HIDPI_IMAGES = YES;
				DEVELOPMENT_TEAM = R2YVCZ58UE;
				INFOPLIST_FILE = "Game Engine TutorialUITests/Info.plist";
				LD_RUNPATH_SEARCH_PATHS = (
					"$(inherited)",
					"@executable_path/../Frameworks",
					"@loader_path/../Frameworks",
				);
				PRODUCT_BUNDLE_IDENTIFIER = "com.snakept.Game-Engine-TutorialUITests";
				PRODUCT_NAME = "$(TARGET_NAME)";
				SWIFT_VERSION = 5.0;
				TEST_TARGET_NAME = "Game Engine Tutorial";
			};
			name = Release;
		};
/* End XCBuildConfiguration section */

/* Begin XCConfigurationList section */
		2C76DBBB253C6AF700C2618A /* Build configuration list for PBXProject "Game Engine Tutorial" */ = {
			isa = XCConfigurationList;
			buildConfigurations = (
				2C76DBE7253C6AF800C2618A /* Debug */,
				2C76DBE8253C6AF800C2618A /* Release */,
			);
			defaultConfigurationIsVisible = 0;
			defaultConfigurationName = Release;
		};
		2C76DBE9253C6AF800C2618A /* Build configuration list for PBXNativeTarget "Game Engine Tutorial" */ = {
			isa = XCConfigurationList;
			buildConfigurations = (
				2C76DBEA253C6AF800C2618A /* Debug */,
				2C76DBEB253C6AF800C2618A /* Release */,
			);
			defaultConfigurationIsVisible = 0;
			defaultConfigurationName = Release;
		};
		2C76DBEC253C6AF800C2618A /* Build configuration list for PBXNativeTarget "Game Engine TutorialTests" */ = {
			isa = XCConfigurationList;
			buildConfigurations = (
				2C76DBED253C6AF800C2618A /* Debug */,
				2C76DBEE253C6AF800C2618A /* Release */,
			);
			defaultConfigurationIsVisible = 0;
			defaultConfigurationName = Release;
		};
		2C76DBEF253C6AF800C2618A /* Build configuration list for PBXNativeTarget "Game Engine TutorialUITests" */ = {
			isa = XCConfigurationList;
			buildConfigurations = (
				2C76DBF0253C6AF800C2618A /* Debug */,
				2C76DBF1253C6AF800C2618A /* Release */,
			);
			defaultConfigurationIsVisible = 0;
			defaultConfigurationName = Release;
		};
/* End XCConfigurationList section */

/* Begin XCVersionGroup section */
		2C76DBC7253C6AF700C2618A /* Game_Engine_Tutorial.xcdatamodeld */ = {
			isa = XCVersionGroup;
			children = (
				2C76DBC8253C6AF700C2618A /* Game_Engine_Tutorial.xcdatamodel */,
			);
			currentVersion = 2C76DBC8253C6AF700C2618A /* Game_Engine_Tutorial.xcdatamodel */;
			path = Game_Engine_Tutorial.xcdatamodeld;
			sourceTree = "<group>";
			versionGroupType = wrapper.xcdatamodel;
		};
/* End XCVersionGroup section */
	};
	rootObject = 2C76DBB8253C6AF700C2618A /* Project object */;
}
